version = 1
revision = 3
requires-python = ">=3.12"

[[package]]
name = "affiliate-conversion-stats-batch"
version = "0.1.0"
source = { virtual = "." }
dependencies = [
    { name = "kestra-batch-common" },
]

[package.metadata]
requires-dist = [{ name = "kestra-batch-common", editable = "../../../../batch-common" }]

[[package]]
name = "kestra-batch-common"
version = "0.1.0"
source = { editable = "../../../../batch-common" }

[package.metadata]

[package.metadata.requires-dev]
dev = [
    { name = "pytest", specifier = ">=8.3.5" },
    { name = "ruff", specifier = ">=0.11.0" },
    { name = "ty", specifier = ">=0.0.1a32" },
]
